
Microsoft Visual Studio Solution File, Format Version 12.00
# Visual Studio Version 16
VisualStudioVersion = 16.0.31205.134
MinimumVisualStudioVersion = 10.0.40219.1
Project("{151D2E53-A2C4-4D7D-83FE-D05416EBD58E}") = "VM", "VM.deployproj", "{CAAC1455-0FD7-44B0-BE50-C7A342AB8E79}"
EndProject
Global
	GlobalSection(SolutionConfigurationPlatforms) = preSolution
		Debug|Any CPU = Debug|Any CPU
		Release|Any CPU = Release|Any CPU
	EndGlobalSection
	GlobalSection(ProjectConfigurationPlatforms) = postSolution
		{CAAC1455-0FD7-44B0-BE50-C7A342AB8E79}.Debug|Any CPU.ActiveCfg = Debug|Any CPU
		{CAAC1455-0FD7-44B0-BE50-C7A342AB8E79}.Debug|Any CPU.Build.0 = Debug|Any CPU
		{CAAC1455-0FD7-44B0-BE50-C7A342AB8E79}.Release|Any CPU.ActiveCfg = Release|Any CPU
		{CAAC1455-0FD7-44B0-BE50-C7A342AB8E79}.Release|Any CPU.Build.0 = Release|Any CPU
	EndGlobalSection
	GlobalSection(SolutionProperties) = preSolution
		HideSolutionNode = FALSE
	EndGlobalSection
	GlobalSection(ExtensibilityGlobals) = postSolution
		SolutionGuid = {8DF402E0-CD3A-41A8-A4F0-F86FB4233044}
	EndGlobalSection
EndGlobal
