
Microsoft Visual Studio Solution File, Format Version 12.00
# Visual Studio Version 16
VisualStudioVersion = 16.0.31205.134
MinimumVisualStudioVersion = 10.0.40219.1
Project("{151D2E53-A2C4-4D7D-83FE-D05416EBD58E}") = "VMwithRG", "VMwithRG.deployproj", "{5874CEE9-1A05-4355-89CF-5B908CEACA71}"
EndProject
Global
	GlobalSection(SolutionConfigurationPlatforms) = preSolution
		Debug|Any CPU = Debug|Any CPU
		Release|Any CPU = Release|Any CPU
	EndGlobalSection
	GlobalSection(ProjectConfigurationPlatforms) = postSolution
		{5874CEE9-1A05-4355-89CF-5B908CEACA71}.Debug|Any CPU.ActiveCfg = Debug|Any CPU
		{5874CEE9-1A05-4355-89CF-5B908CEACA71}.Debug|Any CPU.Build.0 = Debug|Any CPU
		{5874CEE9-1A05-4355-89CF-5B908CEACA71}.Release|Any CPU.ActiveCfg = Release|Any CPU
		{5874CEE9-1A05-4355-89CF-5B908CEACA71}.Release|Any CPU.Build.0 = Release|Any CPU
	EndGlobalSection
	GlobalSection(SolutionProperties) = preSolution
		HideSolutionNode = FALSE
	EndGlobalSection
	GlobalSection(ExtensibilityGlobals) = postSolution
		SolutionGuid = {C27B1F38-2F34-4D0A-BD43-23C4FDFDD427}
	EndGlobalSection
EndGlobal
